# @generated by Move, please check-in and do not edit manually.

[move]
version = 3
manifest_digest = "D2C7056E536C918A3606032E09D089B24AD6DFCFE5B38C313CDFAAC328C25E71"
deps_digest = "F8BBB0CCB2491CA29A3DF03D6F92277A4F3574266507ACD77214D37ECA3F3082"
dependencies = [
  { id = "Sui", name = "Sui" },
]

[[move.package]]
id = "MoveStdlib"
source = { git = "https://github.com/MystenLabs/sui.git", rev = "testnet", subdir = "crates/sui-framework/packages/move-stdlib" }

[[move.package]]
id = "Sui"
source = { git = "https://github.com/MystenLabs/sui.git", rev = "testnet", subdir = "crates/sui-framework/packages/sui-framework" }

dependencies = [
  { id = "MoveStdlib", name = "MoveStdlib" },
]

[move.toolchain-version]
compiler-version = "1.60.0"
edition = "2024.beta"
flavor = "sui"

[env]

[env.testnet]
chain-id = "4c78adac"
original-published-id = "0x2637ac471040bec7139690c47ca899f7e2277971073f393af5bafa393b1f0be1"
latest-published-id = "0x2637ac471040bec7139690c47ca899f7e2277971073f393af5bafa393b1f0be1"
published-version = "1"
